
Microsoft Visual Studio Solution File, Format Version 12.00
# Visual Studio 15
VisualStudioVersion = 15.0.27428.2043
MinimumVisualStudioVersion = 10.0.40219.1
Project("{FAE04EC0-301F-11D3-BF4B-00C04F79EFBC}") = "DTEProject", "DTEProject\DTEProject.csproj", "{C47881D4-A36F-47B9-AD9B-966026E304ED}"
EndProject
Project("{FAE04EC0-301F-11D3-BF4B-00C04F79EFBC}") = "RDTExplorer", "RDTExplorer\RDTExplorer.csproj", "{DE73EEF0-E7D6-4784-BC57-C1D7A309D937}"
EndProject
Project("{2150E333-8FDC-42A3-9474-1A3956D46DE8}") = "Solution Items", "Solution Items", "{6B50BC8A-B999-49AB-A951-6D0A37B8606C}"
	ProjectSection(SolutionItems) = preProject
		CHANGELOG.md = CHANGELOG.md
		README.md = README.md
	EndProjectSection
EndProject
Project("{FAE04EC0-301F-11D3-BF4B-00C04F79EFBC}") = "FirstToolWin", "FirstToolWin\FirstToolWin.csproj", "{0C75CA72-677E-4481-B4F4-BC27A7625367}"
EndProject
Project("{FAE04EC0-301F-11D3-BF4B-00C04F79EFBC}") = "MultiInstanceToolWindow", "MultiInstanceToolWindow\MultiInstanceToolWindow.csproj", "{A6651380-6C2C-4C50-9ABC-1C9D7A694434}"
EndProject
Project("{FAE04EC0-301F-11D3-BF4B-00C04F79EFBC}") = "TWShortcutMenu", "TWShortcutMenu\TWShortcutMenu.csproj", "{CFE9D473-4B96-4558-9909-EEAB4D4700FE}"
EndProject
Project("{FAE04EC0-301F-11D3-BF4B-00C04F79EFBC}") = "TodoList", "TodoList\TodoList.csproj", "{A2538B8B-3456-4486-BB9D-8727EFD44DA1}"
EndProject
Global
	GlobalSection(SolutionConfigurationPlatforms) = preSolution
		Debug|Any CPU = Debug|Any CPU
		Release|Any CPU = Release|Any CPU
	EndGlobalSection
	GlobalSection(ProjectConfigurationPlatforms) = postSolution
		{C47881D4-A36F-47B9-AD9B-966026E304ED}.Debug|Any CPU.ActiveCfg = Debug|Any CPU
		{C47881D4-A36F-47B9-AD9B-966026E304ED}.Debug|Any CPU.Build.0 = Debug|Any CPU
		{C47881D4-A36F-47B9-AD9B-966026E304ED}.Release|Any CPU.ActiveCfg = Release|Any CPU
		{C47881D4-A36F-47B9-AD9B-966026E304ED}.Release|Any CPU.Build.0 = Release|Any CPU
		{DE73EEF0-E7D6-4784-BC57-C1D7A309D937}.Debug|Any CPU.ActiveCfg = Debug|Any CPU
		{DE73EEF0-E7D6-4784-BC57-C1D7A309D937}.Debug|Any CPU.Build.0 = Debug|Any CPU
		{DE73EEF0-E7D6-4784-BC57-C1D7A309D937}.Release|Any CPU.ActiveCfg = Release|Any CPU
		{DE73EEF0-E7D6-4784-BC57-C1D7A309D937}.Release|Any CPU.Build.0 = Release|Any CPU
		{0C75CA72-677E-4481-B4F4-BC27A7625367}.Debug|Any CPU.ActiveCfg = Debug|Any CPU
		{0C75CA72-677E-4481-B4F4-BC27A7625367}.Debug|Any CPU.Build.0 = Debug|Any CPU
		{0C75CA72-677E-4481-B4F4-BC27A7625367}.Release|Any CPU.ActiveCfg = Release|Any CPU
		{0C75CA72-677E-4481-B4F4-BC27A7625367}.Release|Any CPU.Build.0 = Release|Any CPU
		{A6651380-6C2C-4C50-9ABC-1C9D7A694434}.Debug|Any CPU.ActiveCfg = Debug|Any CPU
		{A6651380-6C2C-4C50-9ABC-1C9D7A694434}.Debug|Any CPU.Build.0 = Debug|Any CPU
		{A6651380-6C2C-4C50-9ABC-1C9D7A694434}.Release|Any CPU.ActiveCfg = Release|Any CPU
		{A6651380-6C2C-4C50-9ABC-1C9D7A694434}.Release|Any CPU.Build.0 = Release|Any CPU
		{CFE9D473-4B96-4558-9909-EEAB4D4700FE}.Debug|Any CPU.ActiveCfg = Debug|Any CPU
		{CFE9D473-4B96-4558-9909-EEAB4D4700FE}.Debug|Any CPU.Build.0 = Debug|Any CPU
		{CFE9D473-4B96-4558-9909-EEAB4D4700FE}.Release|Any CPU.ActiveCfg = Release|Any CPU
		{CFE9D473-4B96-4558-9909-EEAB4D4700FE}.Release|Any CPU.Build.0 = Release|Any CPU
		{A2538B8B-3456-4486-BB9D-8727EFD44DA1}.Debug|Any CPU.ActiveCfg = Debug|Any CPU
		{A2538B8B-3456-4486-BB9D-8727EFD44DA1}.Debug|Any CPU.Build.0 = Debug|Any CPU
		{A2538B8B-3456-4486-BB9D-8727EFD44DA1}.Release|Any CPU.ActiveCfg = Release|Any CPU
		{A2538B8B-3456-4486-BB9D-8727EFD44DA1}.Release|Any CPU.Build.0 = Release|Any CPU
	EndGlobalSection
	GlobalSection(SolutionProperties) = preSolution
		HideSolutionNode = FALSE
	EndGlobalSection
	GlobalSection(ExtensibilityGlobals) = postSolution
		SolutionGuid = {937E56D1-8E40-4D9A-A962-FC07A324D0F2}
	EndGlobalSection
EndGlobal
